
Microsoft Visual Studio Solution File, Format Version 12.00
# Visual Studio Version 16
VisualStudioVersion = 16.0.30309.148
MinimumVisualStudioVersion = 10.0.40219.1
Project("{FAE04EC0-301F-11D3-BF4B-00C04F79EFBC}") = "MyLinker", "MyLinker\MyLinker.csproj", "{D219D856-B897-4BC6-8AFF-19A8C0C5ADB0}"
EndProject
Global
	GlobalSection(SolutionConfigurationPlatforms) = preSolution
		Debug|Any CPU = Debug|Any CPU
		Release|Any CPU = Release|Any CPU
	EndGlobalSection
	GlobalSection(ProjectConfigurationPlatforms) = postSolution
		{D219D856-B897-4BC6-8AFF-19A8C0C5ADB0}.Debug|Any CPU.ActiveCfg = Debug|Any CPU
		{D219D856-B897-4BC6-8AFF-19A8C0C5ADB0}.Debug|Any CPU.Build.0 = Debug|Any CPU
		{D219D856-B897-4BC6-8AFF-19A8C0C5ADB0}.Release|Any CPU.ActiveCfg = Release|Any CPU
		{D219D856-B897-4BC6-8AFF-19A8C0C5ADB0}.Release|Any CPU.Build.0 = Release|Any CPU
	EndGlobalSection
	GlobalSection(SolutionProperties) = preSolution
		HideSolutionNode = FALSE
	EndGlobalSection
	GlobalSection(ExtensibilityGlobals) = postSolution
		SolutionGuid = {49F113C2-78B9-415A-8A5A-19E6D003C778}
	EndGlobalSection
EndGlobal
